
Microsoft Visual Studio Solution File, Format Version 12.00
# Visual Studio Version 17
VisualStudioVersion = 17.9.34622.214
MinimumVisualStudioVersion = 10.0.40219.1
Project("{FAE04EC0-301F-11D3-BF4B-00C04F79EFBC}") = "Sprint0", "Sprint0\Sprint0.csproj", "{54486CB9-20C2-4A03-B761-62DE6D43C709}"
EndProject
Global
	GlobalSection(SolutionConfigurationPlatforms) = preSolution
		Debug|Any CPU = Debug|Any CPU
		Release|Any CPU = Release|Any CPU
	EndGlobalSection
	GlobalSection(ProjectConfigurationPlatforms) = postSolution
		{54486CB9-20C2-4A03-B761-62DE6D43C709}.Debug|Any CPU.ActiveCfg = Debug|Any CPU
		{54486CB9-20C2-4A03-B761-62DE6D43C709}.Debug|Any CPU.Build.0 = Debug|Any CPU
		{54486CB9-20C2-4A03-B761-62DE6D43C709}.Release|Any CPU.ActiveCfg = Release|Any CPU
		{54486CB9-20C2-4A03-B761-62DE6D43C709}.Release|Any CPU.Build.0 = Release|Any CPU
	EndGlobalSection
	GlobalSection(SolutionProperties) = preSolution
		HideSolutionNode = FALSE
	EndGlobalSection
	GlobalSection(ExtensibilityGlobals) = postSolution
		SolutionGuid = {6AF7AD52-14CE-4D45-AD4F-29E61782F3DC}
	EndGlobalSection
EndGlobal
